
Microsoft Visual Studio Solution File, Format Version 12.00
# Visual Studio Version 17
VisualStudioVersion = 17.5.2.0
MinimumVisualStudioVersion = 10.0.40219.1
Project("{FAE04EC0-301F-11D3-BF4B-00C04F79EFBC}") = "Blackjack", "Blackjack.csproj", "{0744C109-B950-D0D2-8881-7EE895761866}"
EndProject
Project("{FAE04EC0-301F-11D3-BF4B-00C04F79EFBC}") = "Blackjack.Tests", "Blackjack.Tests\Blackjack.Tests.csproj", "{8783116C-3921-42E4-8D7D-A7D6CB076341}"
EndProject
Global
	GlobalSection(SolutionConfigurationPlatforms) = preSolution
		Debug|Any CPU = Debug|Any CPU
		Debug|x64 = Debug|x64
		Debug|x86 = Debug|x86
		Release|Any CPU = Release|Any CPU
		Release|x64 = Release|x64
		Release|x86 = Release|x86
	EndGlobalSection
	GlobalSection(ProjectConfigurationPlatforms) = postSolution
		{0744C109-B950-D0D2-8881-7EE895761866}.Debug|Any CPU.ActiveCfg = Debug|Any CPU
		{0744C109-B950-D0D2-8881-7EE895761866}.Debug|Any CPU.Build.0 = Debug|Any CPU
		{0744C109-B950-D0D2-8881-7EE895761866}.Debug|x64.ActiveCfg = Debug|Any CPU
		{0744C109-B950-D0D2-8881-7EE895761866}.Debug|x64.Build.0 = Debug|Any CPU
		{0744C109-B950-D0D2-8881-7EE895761866}.Debug|x86.ActiveCfg = Debug|Any CPU
		{0744C109-B950-D0D2-8881-7EE895761866}.Debug|x86.Build.0 = Debug|Any CPU
		{0744C109-B950-D0D2-8881-7EE895761866}.Release|Any CPU.ActiveCfg = Release|Any CPU
		{0744C109-B950-D0D2-8881-7EE895761866}.Release|Any CPU.Build.0 = Release|Any CPU
		{0744C109-B950-D0D2-8881-7EE895761866}.Release|x64.ActiveCfg = Release|Any CPU
		{0744C109-B950-D0D2-8881-7EE895761866}.Release|x64.Build.0 = Release|Any CPU
		{0744C109-B950-D0D2-8881-7EE895761866}.Release|x86.ActiveCfg = Release|Any CPU
		{0744C109-B950-D0D2-8881-7EE895761866}.Release|x86.Build.0 = Release|Any CPU
		{8783116C-3921-42E4-8D7D-A7D6CB076341}.Debug|Any CPU.ActiveCfg = Debug|Any CPU
		{8783116C-3921-42E4-8D7D-A7D6CB076341}.Debug|Any CPU.Build.0 = Debug|Any CPU
		{8783116C-3921-42E4-8D7D-A7D6CB076341}.Debug|x64.ActiveCfg = Debug|Any CPU
		{8783116C-3921-42E4-8D7D-A7D6CB076341}.Debug|x64.Build.0 = Debug|Any CPU
		{8783116C-3921-42E4-8D7D-A7D6CB076341}.Debug|x86.ActiveCfg = Debug|Any CPU
		{8783116C-3921-42E4-8D7D-A7D6CB076341}.Debug|x86.Build.0 = Debug|Any CPU
		{8783116C-3921-42E4-8D7D-A7D6CB076341}.Release|Any CPU.ActiveCfg = Release|Any CPU
		{8783116C-3921-42E4-8D7D-A7D6CB076341}.Release|Any CPU.Build.0 = Release|Any CPU
		{8783116C-3921-42E4-8D7D-A7D6CB076341}.Release|x64.ActiveCfg = Release|Any CPU
		{8783116C-3921-42E4-8D7D-A7D6CB076341}.Release|x64.Build.0 = Release|Any CPU
		{8783116C-3921-42E4-8D7D-A7D6CB076341}.Release|x86.ActiveCfg = Release|Any CPU
		{8783116C-3921-42E4-8D7D-A7D6CB076341}.Release|x86.Build.0 = Release|Any CPU
	EndGlobalSection
	GlobalSection(SolutionProperties) = preSolution
		HideSolutionNode = FALSE
	EndGlobalSection
	GlobalSection(ExtensibilityGlobals) = postSolution
		SolutionGuid = {1A054443-C29D-4163-BF32-04A4781F1509}
	EndGlobalSection
EndGlobal
